{
    "_meta": {
        "hash": {
            "sha256": "6ec5b8be0acce52585a9349104c652333d309b49127872568abaf77439457907"
        },
        "pipfile-spec": 6,
        "requires": {
            "python_version": "3.6"
        },
        "sources": [
            {
                "name": "pypi",
                "url": "https://pypi.org/simple",
                "verify_ssl": true
            }
        ]
    },
    "default": {
        "numexpr": {
            "hashes": [
                "sha256:0a14dff7e893dd21f299993a6107437c2c7dd37a8aeb51933a8c0ff33ed1e036",
                "sha256:11f215d739495f3c88c9cdd84f0b7ee27b5c1d4348df9b16854933d8165a1f7b",
                "sha256:1374c5a996d1e48c64b26fad48fe2540c41f10436fbbe35cca61f35c57bcaeab",
                "sha256:21a9ea646a76b8fe98ac1e1fcd914c03addd3e4aa7feb040bc462b274a47b2cf",
                "sha256:21c05fb3ee1be0ff3be0d6ef572bf0e5dad27bf5d90c067e1580127340e36e2d",
                "sha256:2a05c3c6342b0c1416cb3e8eecaee5ce9387917781afc1a5d5c5f93f546b3735",
                "sha256:34e4381246893ac27c21c39356ef27ab7176d326f5a86b05486718f1f505f794",
                "sha256:3d1f2123d385e3790fc9f650950a79aaaa9ac62f8455bd9451263d29f37924f2",
                "sha256:4ddec358f5082ea941bb316a6aa1fec068dea6f7ed1f60a1089b03340c1f58af",
                "sha256:53f50dbbd1d41c7ae33bf6811f0a4a6a333ae592baf218e257c9e32190235cba",
                "sha256:58349f46670aa4d1cef14f9c794dda307bf8578d383c7e602fe36de112f6afa0",
                "sha256:5fc41e3652c7154ee5767a99b3fd72d81c3b01df364c42ccd2e89926c8fbbda5",
                "sha256:618e4058e6a707007aebbf74c37d8156ac0c26870dd6b8495678ba3fd9aaef79",
                "sha256:7419c43f1b22d3cd282480d753242588b2a0f449c6429f0999a2eebe0e5d7426",
                "sha256:7bde656a67ce5368cf1d748c569d0132baf9813c45860b872f3a35294067c1e4",
                "sha256:90cc7b1e051a57386d9b3125506a1a2f320964e017a9a5ce78a055b99e826ceb",
                "sha256:9415b24d6f79528ef85be3afe7871e0f49ae2bbe28cc9cb0272db4edd136e443",
                "sha256:9e292c060172f415888fb36f50fd2d4688797f66ec11eb9fbc33666cacbd5f68",
                "sha256:ae5dae4d34fc57c47167a7c79603f9592da504fc077833afc259451bc29cec4c",
                "sha256:bf62d6fa0453cec848c91179857a46e84f0812881d9bdfa29cda0672e599c9a5",
                "sha256:d304f4bfe69ca3e81a992a90c2a0e53c7fbc82769eedff32db8204496e223bbc",
                "sha256:e5456df5fabcd02f08aa06f0f61eee682649bd5e033ac7319f91a9f9c1d4d1c3",
                "sha256:e83bd5e6e424cf0a6e7d9de97d4ecd2d978eed478104f4c65496b8ea7d148268",
                "sha256:ed2c841e3ced875c34abc89987f5203fce53e563341e4f4b2ac615b419412f37",
                "sha256:edc4af30bbe504946d036ad9f2c849ff2c8a837d8df2c7f9f0b7d8497e982743",
                "sha256:ee8bc7201aa2f1962c67d27c326a11eef9df887d7b87b1278a1d4e722bf44375"
            ],
            "version": "==2.6.8"
        },
        "numpy": {
            "hashes": [
                "sha256:0df89ca13c25eaa1621a3f09af4c8ba20da849692dcae184cb55e80952c453fb",
                "sha256:154c35f195fd3e1fad2569930ca51907057ae35e03938f89a8aedae91dd1b7c7",
                "sha256:18e84323cdb8de3325e741a7a8dd4a82db74fde363dce32b625324c7b32aa6d7",
                "sha256:1e8956c37fc138d65ded2d96ab3949bd49038cc6e8a4494b1515b0ba88c91565",
                "sha256:23557bdbca3ccbde3abaa12a6e82299bc92d2b9139011f8c16ca1bb8c75d1e95",
                "sha256:24fd645a5e5d224aa6e39d93e4a722fafa9160154f296fd5ef9580191c755053",
                "sha256:36e36b6868e4440760d4b9b44587ea1dc1f06532858d10abba98e851e154ca70",
                "sha256:3d734559db35aa3697dadcea492a423118c5c55d176da2f3be9c98d4803fc2a7",
                "sha256:416a2070acf3a2b5d586f9a6507bb97e33574df5bd7508ea970bbf4fc563fa52",
                "sha256:4a22dc3f5221a644dfe4a63bf990052cc674ef12a157b1056969079985c92816",
                "sha256:4d8d3e5aa6087490912c14a3c10fbdd380b40b421c13920ff468163bc50e016f",
                "sha256:4f41fd159fba1245e1958a99d349df49c616b133636e0cf668f169bce2aeac2d",
                "sha256:561ef098c50f91fbac2cc9305b68c915e9eb915a74d9038ecf8af274d748f76f",
                "sha256:56994e14b386b5c0a9b875a76d22d707b315fa037affc7819cda08b6d0489756",
                "sha256:73a1f2a529604c50c262179fcca59c87a05ff4614fe8a15c186934d84d09d9a5",
                "sha256:7da99445fd890206bfcc7419f79871ba8e73d9d9e6b82fe09980bc5bb4efc35f",
                "sha256:99d59e0bcadac4aa3280616591fb7bcd560e2218f5e31d5223a2e12a1425d495",
                "sha256:a4cc09489843c70b22e8373ca3dfa52b3fab778b57cf81462f1203b0852e95e3",
                "sha256:a61dc29cfca9831a03442a21d4b5fd77e3067beca4b5f81f1a89a04a71cf93fa",
                "sha256:b1853df739b32fa913cc59ad9137caa9cc3d97ff871e2bbd89c2a2a1d4a69451",
                "sha256:b1f44c335532c0581b77491b7715a871d0dd72e97487ac0f57337ccf3ab3469b",
                "sha256:b261e0cb0d6faa8fd6863af26d30351fd2ffdb15b82e51e81e96b9e9e2e7ba16",
                "sha256:c857ae5dba375ea26a6228f98c195fec0898a0fd91bcf0e8a0cae6d9faf3eca7",
                "sha256:cf5bb4a7d53a71bb6a0144d31df784a973b36d8687d615ef6a7e9b1809917a9b",
                "sha256:db9814ff0457b46f2e1d494c1efa4111ca089e08c8b983635ebffb9c1573361f",
                "sha256:df04f4bad8a359daa2ff74f8108ea051670cafbca533bb2636c58b16e962989e",
                "sha256:ecf81720934a0e18526177e645cbd6a8a21bb0ddc887ff9738de07a1df5c6b61",
                "sha256:edfa6fba9157e0e3be0f40168eb142511012683ac3dc82420bee4a3f3981b30e"
            ],
            "version": "==1.15.4"
        },
        "six": {
            "hashes": [
                "sha256:70e8a77beed4562e7f14fe23a786b54f6296e34344c23bc42f07b15018ff98e9",
                "sha256:832dc0e10feb1aa2c68dcc57dbb658f1c7e65b9b61af69048abc87a2db00a0eb"
            ],
            "version": "==1.11.0"
        },
        "tables": {
            "hashes": [
                "sha256:07bb9e96b762874e239ad8cec2cab2c4129abf576fffcdd4e961482dc7d5a0a6",
                "sha256:09eed21e12a1286ac2e8c5e67a75d9c7a7f262883535a31ac0b985540135d8d6",
                "sha256:0bd7e5d7ff90df3751bfb2494d41858b96118965edd8cc03758bbc638e2e2f2c",
                "sha256:2379bc98dd8caa6f5824daae4b3b1e53008af32c7b684c67deaeebc1a89a929e",
                "sha256:2cd49a98e750fe78b7a2b8e0efd69be608c8358f664f3705c98cc6f04da18a53",
                "sha256:415731ae46dfdef7fbe305399a700a54b06a82c4331ba20cc64004fb40e79069",
                "sha256:44289caf89efac435f49fa4bd298eb48969c026dec25d3a76e7955f1281d1bdf",
                "sha256:714f7162ffa4d470da8c9a067935520e5925384445bdb23989351b48d236345c",
                "sha256:82d98123cf67c012d6c7cb69c6733b51eb10d17fc40547bbb71ffedae8da4f90",
                "sha256:b625fc71f082011806a60d3b7370f75e34b141dab549ed65957aed54d1f12f63",
                "sha256:bc1621bd84769ff3f84cfd1481f93ed0c537db4b3355576270bdbb79bb390b1f",
                "sha256:bdc5c073712af2a43babd139c4855fc99496bb2c3f3f5d1b4770a985e6f9ce29",
                "sha256:bed4f423dd33600907f1c3b88f994920f2b879b12bf83d4372f861ef4085e085",
                "sha256:c3ac22e3391f67a381d9a3018fd7e0a1ccfcc88b5f61b0d051fe5eba8196388f",
                "sha256:da98c8abfeefefad40110b994d5d06ac28d89b00d085530d377376b201566ebf",
                "sha256:e2e4e40d010a6aa0464e5e281d4aa15f64acd99fd881c0e1e4c1c567b7167dba",
                "sha256:e3bd7084dbf80ef347ad5d33645584e0fe7f8353cf2c33d8922a4c00034fa015",
                "sha256:e8f9b20b9623c900e7007b89a9d3e315280b666ac70b38b0c191345f7d4d8585",
                "sha256:f786d310cf954eaf52340680dfbc5c1190afc276093f5c454fab605a11488306",
                "sha256:f97c8b5ebec23894fc56af25c6e73bc86b463cbccb1f9b9887def24cd7811e2c"
            ],
            "index": "pypi",
            "version": "==3.4.4"
        }
    },
    "develop": {}
}
