{
    "_meta": {
        "hash": {
            "sha256": "6ec5b8be0acce52585a9349104c652333d309b49127872568abaf77439457907"
        },
        "pipfile-spec": 6,
        "requires": {
            "python_version": "3.6"
        },
        "sources": [
            {
                "name": "pypi",
                "url": "https://pypi.org/simple",
                "verify_ssl": true
            }
        ]
    },
    "default": {
        "numexpr": {
            "hashes": [
                "sha256:034275449f92817d170bbc0660e4618c6eed431c599a36ed5959cbfca3683f74",
                "sha256:2a219fc58ca468f86d48cb1b471a1daa202f434eb3d9d1ba01938ab944ccfa48",
                "sha256:2ace3cb8d5b141df21f1fa67dfbaf790138f739f34341bf64cfb46a054cfcb61",
                "sha256:399120182cd33d018b2206327e5957fc20c1a6107db73985bd2c8ca1571cbca9",
                "sha256:3ba49c1a010ffb7307d8a4b213f6a4dfdf04ccdd67c158b5629453d754ccce57",
                "sha256:41bea277781d514ed913c2b3e9b5074aa379e75e94f7071c96ad9301c1909ae8",
                "sha256:59fb02feca82619050be0367299c3ae2bfb704e4f294f665ab744ba110dd1df3",
                "sha256:5d086f73da40b1a3dc7887e645b309a2c4cf9388a5e33fa3d11e1dc3d17a067e",
                "sha256:5d8f4ed9b88f9735303a72cf30be511f3fefd03068a36897910855b4fdc03ab6",
                "sha256:6b737d4971d3c8b7293a211eab3e044d28583532094e4dd438ae8b6e34d26361",
                "sha256:76e3c14d81c056fa9160fa0965838593df947df8cec54ff396309c03b4451e10",
                "sha256:7b58d0ab71c0e3057bd4bbe9099e23ebe839087046b0bf372032df1461fa3c23",
                "sha256:8494553ee6db694168226bc13714e65cade4d87ad9a0210e2064efa64fa32097",
                "sha256:8b846245e092ecc2cbf6bc71b95549bcb6fd746fd3d93cc9ac8627b4d7f61f92",
                "sha256:9f79d0f01a661451819f8f8b518e402878c226f8521e7cd0b903b7e1351a667e",
                "sha256:a53675d7febf91226f9f0e6eaa87845a5faf81a16d707b3d51701e22444c208e",
                "sha256:d5c20881cb2f460b7aa21525e994990114ed0c5e62f0ac9fbafa2a74ed7362db",
                "sha256:e1dc2c5cd9201e29cc7bb443caf61e284cbbef261edd56c394e5aa60dae83c2f",
                "sha256:e2c2be8f2a9bf3e8da460fa0502fcba63a2ae3721cd9445b40bda3aab01c2fe5",
                "sha256:e2e8b16f74aec96f33de9cada3ac982eb1fc41e88a50651f483ffda96c84e474",
                "sha256:f85dd6a89b98b47d4be2588f0d86f163fcf883bb901557518e03cb07ea1cdf09",
                "sha256:f8ad8014085628eab91bc82fb9d10cf9ab8e04ede4884e4a1061445d395b36bb",
                "sha256:f9932e7cf7b4faae77170b5658196c167369a00332e1d99a38e698d815ba3266"
            ],
            "version": "==2.6.5"
        },
        "numpy": {
            "hashes": [
                "sha256:07379fe0b450f6fd6e5934a9bc015025bb4ce1c8fbed3ca8bef29328b1bc9570",
                "sha256:085afac75bbc97a096744fcfc97a4b321c5a87220286811e85089ae04885acdd",
                "sha256:2d6481c6bdab1c75affc0fc71eb1bd4b3ecef620d06f2f60c3f00521d54be04f",
                "sha256:2df854df882d322d5c23087a4959e145b953dfff2abe1774fec4f639ac2f3160",
                "sha256:381ad13c30cd1d0b2f3da8a0c1a4aa697487e8bb0e9e0cbeb7439776bcb645f8",
                "sha256:385f1ce46e08676505b692bfde918c1e0b350963a15ef52d77691c2cf0f5dbf6",
                "sha256:4130e5ae16c656b7de654dc5e595cfeb85d3a4b0bb0734d19c0dce6dc7ee0e07",
                "sha256:4d278c2261be6423c5e63d8f0ceb1b0c6db3ff83f2906f4b860db6ae99ca1bb5",
                "sha256:51c5dcb51cf88b34b7d04c15f600b07c6ccbb73a089a38af2ab83c02862318da",
                "sha256:589336ba5199c8061239cf446ee2f2f1fcc0c68e8531ee1382b6fc0c66b2d388",
                "sha256:5ae3564cb630e155a650f4f9c054589848e97836bebae5637240a0d8099f817b",
                "sha256:5edf1acc827ed139086af95ce4449b7b664f57a8c29eb755411a634be280d9f2",
                "sha256:6b82b81c6b3b70ed40bc6d0b71222ebfcd6b6c04a6e7945a936e514b9113d5a3",
                "sha256:6c57f973218b776195d0356e556ec932698f3a563e2f640cfca7020086383f50",
                "sha256:758d1091a501fd2d75034e55e7e98bfd1370dc089160845c242db1c760d944d9",
                "sha256:8622db292b766719810e0cb0f62ef6141e15fe32b04e4eb2959888319e59336b",
                "sha256:8b8dcfcd630f1981f0f1e3846fae883376762a0c1b472baa35b145b911683b7b",
                "sha256:91fdd510743ae4df862dbd51a4354519dd9fb8941347526cd9c2194b792b3da9",
                "sha256:97fa8f1dceffab782069b291e38c4c2227f255cdac5f1e3346666931df87373e",
                "sha256:9b705f18b26fb551366ab6347ba9941b62272bf71c6bbcadcd8af94d10535241",
                "sha256:9d69967673ab7b028c2df09cae05ba56bf4e39e3cb04ebe452b6035c3b49848e",
                "sha256:9e1f53afae865cc32459ad211493cf9e2a3651a7295b7a38654ef3d123808996",
                "sha256:a4a433b3a264dbc9aa9c7c241e87c0358a503ea6394f8737df1683c7c9a102ac",
                "sha256:baadc5f770917ada556afb7651a68176559f4dca5f4b2d0947cd15b9fb84fb51",
                "sha256:c725d11990a9243e6ceffe0ab25a07c46c1cc2c5dc55e305717b5afe856c9608",
                "sha256:d696a8c87315a83983fc59dd27efe034292b9e8ad667aeae51a68b4be14690d9",
                "sha256:e1864a4e9f93ddb2dc6b62ccc2ec1f8250ff4ac0d3d7a15c8985dd4e1fbd6418",
                "sha256:e1d18421a7e2ad4a655b76e65d549d4159f8874c18a417464c1d439ee7ccc7cd"
            ],
            "version": "==1.14.5"
        },
        "six": {
            "hashes": [
                "sha256:70e8a77beed4562e7f14fe23a786b54f6296e34344c23bc42f07b15018ff98e9",
                "sha256:832dc0e10feb1aa2c68dcc57dbb658f1c7e65b9b61af69048abc87a2db00a0eb"
            ],
            "version": "==1.11.0"
        },
        "tables": {
            "hashes": [
                "sha256:07bb9e96b762874e239ad8cec2cab2c4129abf576fffcdd4e961482dc7d5a0a6",
                "sha256:09eed21e12a1286ac2e8c5e67a75d9c7a7f262883535a31ac0b985540135d8d6",
                "sha256:0bd7e5d7ff90df3751bfb2494d41858b96118965edd8cc03758bbc638e2e2f2c",
                "sha256:2379bc98dd8caa6f5824daae4b3b1e53008af32c7b684c67deaeebc1a89a929e",
                "sha256:2cd49a98e750fe78b7a2b8e0efd69be608c8358f664f3705c98cc6f04da18a53",
                "sha256:415731ae46dfdef7fbe305399a700a54b06a82c4331ba20cc64004fb40e79069",
                "sha256:44289caf89efac435f49fa4bd298eb48969c026dec25d3a76e7955f1281d1bdf",
                "sha256:714f7162ffa4d470da8c9a067935520e5925384445bdb23989351b48d236345c",
                "sha256:82d98123cf67c012d6c7cb69c6733b51eb10d17fc40547bbb71ffedae8da4f90",
                "sha256:b625fc71f082011806a60d3b7370f75e34b141dab549ed65957aed54d1f12f63",
                "sha256:bc1621bd84769ff3f84cfd1481f93ed0c537db4b3355576270bdbb79bb390b1f",
                "sha256:bdc5c073712af2a43babd139c4855fc99496bb2c3f3f5d1b4770a985e6f9ce29",
                "sha256:bed4f423dd33600907f1c3b88f994920f2b879b12bf83d4372f861ef4085e085",
                "sha256:c3ac22e3391f67a381d9a3018fd7e0a1ccfcc88b5f61b0d051fe5eba8196388f",
                "sha256:da98c8abfeefefad40110b994d5d06ac28d89b00d085530d377376b201566ebf",
                "sha256:e2e4e40d010a6aa0464e5e281d4aa15f64acd99fd881c0e1e4c1c567b7167dba",
                "sha256:e3bd7084dbf80ef347ad5d33645584e0fe7f8353cf2c33d8922a4c00034fa015",
                "sha256:e8f9b20b9623c900e7007b89a9d3e315280b666ac70b38b0c191345f7d4d8585",
                "sha256:f786d310cf954eaf52340680dfbc5c1190afc276093f5c454fab605a11488306",
                "sha256:f97c8b5ebec23894fc56af25c6e73bc86b463cbccb1f9b9887def24cd7811e2c"
            ],
            "index": "pypi",
            "version": "==3.4.4"
        }
    },
    "develop": {}
}
